dependencies:
- name: postgresql
  repository: https://charts.bitnami.com/bitnami
  version: 12.5.2
- name: common
  repository: file://charts/common
  version: 0.1.0
- name: kafka
  repository: https://charts.bitnami.com/bitnami
  version: 22.1.3
digest: sha256:d3bf786765b3727d89c43aa6abfeea4b062fb81cad529de7367409f82affc6a9
generated: "2023-05-24T00:39:53.727808238+03:00"
